{
  "nodes": {
    "comma": {
      "flake": false,
      "locked": {
        "lastModified": 1588170489,
        "narHash": "sha256-IT7zlcM1Oh4sWeCJ1m4NkteuajPxTnNo1tbitG0eqlg=",
        "owner": "Shopify",
        "repo": "comma",
        "rev": "4a62ec17e20ce0e738a8e5126b4298a73903b468",
        "type": "github"
      },
      "original": {
        "owner": "Shopify",
        "repo": "comma",
        "type": "github"
      }
    },
    "darwin": {
      "inputs": {
        "nixpkgs": [
          "nixpkgs"
        ]
      },
      "locked": {
        "lastModified": 1622060422,
        "narHash": "sha256-hPVlvrAyf6zL7tTx0lpK+tMxEfZeMiIZ/A2xaJ41WOY=",
        "owner": "lnl7",
        "repo": "nix-darwin",
        "rev": "007d700e644ac588ad6668e6439950a5b6e2ff64",
        "type": "github"
      },
      "original": {
        "owner": "lnl7",
        "ref": "master",
        "repo": "nix-darwin",
        "type": "github"
      }
    },
    "darwin-nixpkgs": {
      "locked": {
        "lastModified": 1627805549,
        "narHash": "sha256-+LHhcpzw6vAxF6q0VSLkZSEGpDC02JN21KM8eUWz+is=",
        "owner": "nixos",
        "repo": "nixpkgs",
        "rev": "16bf3980bfa0d8929639be93fa8491ebad9d61ec",
        "type": "github"
      },
      "original": {
        "owner": "nixos",
        "ref": "nixpkgs-21.05-darwin",
        "repo": "nixpkgs",
        "type": "github"
      }
    },
    "home-manager": {
      "inputs": {
        "nixpkgs": [
          "nixpkgs"
        ]
      },
      "locked": {
        "lastModified": 1627649712,
        "narHash": "sha256-AJBasvMKpsyJmCLdjroBElCHY5AlalbVy+XY5vjbgXc=",
        "owner": "nix-community",
        "repo": "home-manager",
        "rev": "b39647e52ed3c0b989e9d5c965e598ae4c38d7ef",
        "type": "github"
      },
      "original": {
        "owner": "nix-community",
        "ref": "release-21.05",
        "repo": "home-manager",
        "type": "github"
      }
    },
    "nixpkgs": {
      "locked": {
        "lastModified": 1627786728,
        "narHash": "sha256-5AflgWBd1uRWoBIdMrvPYWw+l3QVPJZARO3TDxt7RGM=",
        "owner": "nixos",
        "repo": "nixpkgs",
        "rev": "404cd360c2607bcfe8d05a7d5ae609d6605f7e22",
        "type": "github"
      },
      "original": {
        "owner": "nixos",
        "ref": "nixpkgs-unstable",
        "repo": "nixpkgs",
        "type": "github"
      }
    },
    "root": {
      "inputs": {
        "comma": "comma",
        "darwin": "darwin",
        "darwin-nixpkgs": "darwin-nixpkgs",
        "home-manager": "home-manager",
        "nixpkgs": "nixpkgs"
      }
    }
  },
  "root": "root",
  "version": 7
}
